// !$*UTF8*$!
{
	archiveVersion = 1;
	classes = {
	};
	objectVersion = 50;
	objects = {

/* Begin PBXBuildFile section */
		50971B6020CC866800E82184 /* AppDelegate.swift in Sources */ = {isa = PBXBuildFile; fileRef = 50971B5F20CC866800E82184 /* AppDelegate.swift */; };
		50971B6220CC866800E82184 /* TopListViewController.swift in Sources */ = {isa = PBXBuildFile; fileRef = 50971B6120CC866800E82184 /* TopListViewController.swift */; };
		50971B6520CC866800E82184 /* Main.storyboard in Resources */ = {isa = PBXBuildFile; fileRef = 50971B6320CC866800E82184 /* Main.storyboard */; };
		50971B6720CC866800E82184 /* Assets.xcassets in Resources */ = {isa = PBXBuildFile; fileRef = 50971B6620CC866800E82184 /* Assets.xcassets */; };
		50971B6A20CC866800E82184 /* LaunchScreen.storyboard in Resources */ = {isa = PBXBuildFile; fileRef = 50971B6820CC866800E82184 /* LaunchScreen.storyboard */; };
		50971B7220CC879E00E82184 /* TopListTableViewCell.swift in Sources */ = {isa = PBXBuildFile; fileRef = 50971B7120CC879E00E82184 /* TopListTableViewCell.swift */; };
		50971B7420CC8AEC00E82184 /* RedditFeed.swift in Sources */ = {isa = PBXBuildFile; fileRef = 50971B7320CC8AEC00E82184 /* RedditFeed.swift */; };
		50971B7620CC8B7D00E82184 /* Downloader.swift in Sources */ = {isa = PBXBuildFile; fileRef = 50971B7520CC8B7D00E82184 /* Downloader.swift */; };
		50971B7820CC8C1200E82184 /* Key.swift in Sources */ = {isa = PBXBuildFile; fileRef = 50971B7720CC8C1200E82184 /* Key.swift */; };
		50971B7A20CC95DE00E82184 /* IntExtension.swift in Sources */ = {isa = PBXBuildFile; fileRef = 50971B7920CC95DE00E82184 /* IntExtension.swift */; };
/* End PBXBuildFile section */

/* Begin PBXFileReference section */
		50971B5C20CC866800E82184 /* RedditTop.app */ = {isa = PBXFileReference; explicitFileType = wrapper.application; includeInIndex = 0; path = RedditTop.app; sourceTree = BUILT_PRODUCTS_DIR; };
		50971B5F20CC866800E82184 /* AppDelegate.swift */ = {isa = PBXFileReference; lastKnownFileType = sourcecode.swift; path = AppDelegate.swift; sourceTree = "<group>"; };
		50971B6120CC866800E82184 /* TopListViewController.swift */ = {isa = PBXFileReference; lastKnownFileType = sourcecode.swift; path = TopListViewController.swift; sourceTree = "<group>"; };
		50971B6420CC866800E82184 /* Base */ = {isa = PBXFileReference; lastKnownFileType = file.storyboard; name = Base; path = Base.lproj/Main.storyboard; sourceTree = "<group>"; };
		50971B6620CC866800E82184 /* Assets.xcassets */ = {isa = PBXFileReference; lastKnownFileType = folder.assetcatalog; path = Assets.xcassets; sourceTree = "<group>"; };
		50971B6920CC866800E82184 /* Base */ = {isa = PBXFileReference; lastKnownFileType = file.storyboard; name = Base; path = Base.lproj/LaunchScreen.storyboard; sourceTree = "<group>"; };
		50971B6B20CC866800E82184 /* Info.plist */ = {isa = PBXFileReference; lastKnownFileType = text.plist.xml; path = Info.plist; sourceTree = "<group>"; };
		50971B7120CC879E00E82184 /* TopListTableViewCell.swift */ = {isa = PBXFileReference; lastKnownFileType = sourcecode.swift; path = TopListTableViewCell.swift; sourceTree = "<group>"; };
		50971B7320CC8AEC00E82184 /* RedditFeed.swift */ = {isa = PBXFileReference; lastKnownFileType = sourcecode.swift; path = RedditFeed.swift; sourceTree = "<group>"; };
		50971B7520CC8B7D00E82184 /* Downloader.swift */ = {isa = PBXFileReference; lastKnownFileType = sourcecode.swift; path = Downloader.swift; sourceTree = "<group>"; };
		50971B7720CC8C1200E82184 /* Key.swift */ = {isa = PBXFileReference; lastKnownFileType = sourcecode.swift; path = Key.swift; sourceTree = "<group>"; };
		50971B7920CC95DE00E82184 /* IntExtension.swift */ = {isa = PBXFileReference; lastKnownFileType = sourcecode.swift; path = IntExtension.swift; sourceTree = "<group>"; };
/* End PBXFileReference section */

/* Begin PBXFrameworksBuildPhase section */
		50971B5920CC866800E82184 /* Frameworks */ = {
			isa = PBXFrameworksBuildPhase;
			buildActionMask = 2147483647;
			files = (
			);
			runOnlyForDeploymentPostprocessing = 0;
		};
/* End PBXFrameworksBuildPhase section */

/* Begin PBXGroup section */
		50971B5320CC866800E82184 = {
			isa = PBXGroup;
			children = (
				50971B5E20CC866800E82184 /* RedditTop */,
				50971B5D20CC866800E82184 /* Products */,
			);
			sourceTree = "<group>";
		};
		50971B5D20CC866800E82184 /* Products */ = {
			isa = PBXGroup;
			children = (
				50971B5C20CC866800E82184 /* RedditTop.app */,
			);
			name = Products;
			sourceTree = "<group>";
		};
		50971B5E20CC866800E82184 /* RedditTop */ = {
			isa = PBXGroup;
			children = (
				50971B5F20CC866800E82184 /* AppDelegate.swift */,
				50971B7C20CC988700E82184 /* List */,
				50971B7B20CC987E00E82184 /* Support */,
				50971B6320CC866800E82184 /* Main.storyboard */,
				50971B6620CC866800E82184 /* Assets.xcassets */,
				50971B6820CC866800E82184 /* LaunchScreen.storyboard */,
				50971B6B20CC866800E82184 /* Info.plist */,
			);
			path = RedditTop;
			sourceTree = "<group>";
		};
		50971B7B20CC987E00E82184 /* Support */ = {
			isa = PBXGroup;
			children = (
				50971B7520CC8B7D00E82184 /* Downloader.swift */,
				50971B7720CC8C1200E82184 /* Key.swift */,
				50971B7920CC95DE00E82184 /* IntExtension.swift */,
			);
			path = Support;
			sourceTree = "<group>";
		};
		50971B7C20CC988700E82184 /* List */ = {
			isa = PBXGroup;
			children = (
				50971B6120CC866800E82184 /* TopListViewController.swift */,
				50971B7120CC879E00E82184 /* TopListTableViewCell.swift */,
				50971B7320CC8AEC00E82184 /* RedditFeed.swift */,
			);
			path = List;
			sourceTree = "<group>";
		};
/* End PBXGroup section */

/* Begin PBXNativeTarget section */
		50971B5B20CC866800E82184 /* RedditTop */ = {
			isa = PBXNativeTarget;
			buildConfigurationList = 50971B6E20CC866800E82184 /* Build configuration list for PBXNativeTarget "RedditTop" */;
			buildPhases = (
				50971B5820CC866800E82184 /* Sources */,
				50971B5920CC866800E82184 /* Frameworks */,
				50971B5A20CC866800E82184 /* Resources */,
			);
			buildRules = (
			);
			dependencies = (
			);
			name = RedditTop;
			productName = RedditTop;
			productReference = 50971B5C20CC866800E82184 /* RedditTop.app */;
			productType = "com.apple.product-type.application";
		};
/* End PBXNativeTarget section */

/* Begin PBXProject section */
		50971B5420CC866800E82184 /* Project object */ = {
			isa = PBXProject;
			attributes = {
				LastSwiftUpdateCheck = 0940;
				LastUpgradeCheck = 0940;
				ORGANIZATIONNAME = "Yue Shen";
				TargetAttributes = {
					50971B5B20CC866800E82184 = {
						CreatedOnToolsVersion = 9.4;
					};
				};
			};
			buildConfigurationList = 50971B5720CC866800E82184 /* Build configuration list for PBXProject "RedditTop" */;
			compatibilityVersion = "Xcode 9.3";
			developmentRegion = en;
			hasScannedForEncodings = 0;
			knownRegions = (
				en,
				Base,
			);
			mainGroup = 50971B5320CC866800E82184;
			productRefGroup = 50971B5D20CC866800E82184 /* Products */;
			projectDirPath = "";
			projectRoot = "";
			targets = (
				50971B5B20CC866800E82184 /* RedditTop */,
			);
		};
/* End PBXProject section */

/* Begin PBXResourcesBuildPhase section */
		50971B5A20CC866800E82184 /* Resources */ = {
			isa = PBXResourcesBuildPhase;
			buildActionMask = 2147483647;
			files = (
				50971B6A20CC866800E82184 /* LaunchScreen.storyboard in Resources */,
				50971B6720CC866800E82184 /* Assets.xcassets in Resources */,
				50971B6520CC866800E82184 /* Main.storyboard in Resources */,
			);
			runOnlyForDeploymentPostprocessing = 0;
		};
/* End PBXResourcesBuildPhase section */

/* Begin PBXSourcesBuildPhase section */
		50971B5820CC866800E82184 /* Sources */ = {
			isa = PBXSourcesBuildPhase;
			buildActionMask = 2147483647;
			files = (
				50971B7620CC8B7D00E82184 /* Downloader.swift in Sources */,
				50971B6220CC866800E82184 /* TopListViewController.swift in Sources */,
				50971B7A20CC95DE00E82184 /* IntExtension.swift in Sources */,
				50971B7220CC879E00E82184 /* TopListTableViewCell.swift in Sources */,
				50971B6020CC866800E82184 /* AppDelegate.swift in Sources */,
				50971B7420CC8AEC00E82184 /* RedditFeed.swift in Sources */,
				50971B7820CC8C1200E82184 /* Key.swift in Sources */,
			);
			runOnlyForDeploymentPostprocessing = 0;
		};
/* End PBXSourcesBuildPhase section */

/* Begin PBXVariantGroup section */
		50971B6320CC866800E82184 /* Main.storyboard */ = {
			isa = PBXVariantGroup;
			children = (
				50971B6420CC866800E82184 /* Base */,
			);
			name = Main.storyboard;
			sourceTree = "<group>";
		};
		50971B6820CC866800E82184 /* LaunchScreen.storyboard */ = {
			isa = PBXVariantGroup;
			children = (
				50971B6920CC866800E82184 /* Base */,
			);
			name = LaunchScreen.storyboard;
			sourceTree = "<group>";
		};
/* End PBXVariantGroup section */

/* Begin XCBuildConfiguration section */
		50971B6C20CC866800E82184 /* Debug */ = {
			isa = XCBuildConfiguration;
			buildSettings = {
				ALWAYS_SEARCH_USER_PATHS = NO;
				CLANG_ANALYZER_NONNULL = YES;
				CLANG_ANALYZER_NUMBER_OBJECT_CONVERSION = YES_AGGRESSIVE;
				CLANG_CXX_LANGUAGE_STANDARD = "gnu++14";
				CLANG_CXX_LIBRARY = "libc++";
				CLANG_ENABLE_MODULES = YES;
				CLANG_ENABLE_OBJC_ARC = YES;
				CLANG_ENABLE_OBJC_WEAK = YES;
				CLANG_WARN_BLOCK_CAPTURE_AUTORELEASING = YES;
				CLANG_WARN_BOOL_CONVERSION = YES;
				CLANG_WARN_COMMA = YES;
				CLANG_WARN_CONSTANT_CONVERSION = YES;
				CLANG_WARN_DEPRECATED_OBJC_IMPLEMENTATIONS = YES;
				CLANG_WARN_DIRECT_OBJC_ISA_USAGE = YES_ERROR;
				CLANG_WARN_DOCUMENTATION_COMMENTS = YES;
				CLANG_WARN_EMPTY_BODY = YES;
				CLANG_WARN_ENUM_CONVERSION = YES;
				CLANG_WARN_INFINITE_RECURSION = YES;
				CLANG_WARN_INT_CONVERSION = YES;
				CLANG_WARN_NON_LITERAL_NULL_CONVERSION = YES;
				CLANG_WARN_OBJC_IMPLICIT_RETAIN_SELF = YES;
				CLANG_WARN_OBJC_LITERAL_CONVERSION = YES;
				CLANG_WARN_OBJC_ROOT_CLASS = YES_ERROR;
				CLANG_WARN_RANGE_LOOP_ANALYSIS = YES;
				CLANG_WARN_STRICT_PROTOTYPES = YES;
				CLANG_WARN_SUSPICIOUS_MOVE = YES;
				CLANG_WARN_UNGUARDED_AVAILABILITY = YES_AGGRESSIVE;
				CLANG_WARN_UNREACHABLE_CODE = YES;
				CLANG_WARN__DUPLICATE_METHOD_MATCH = YES;
				CODE_SIGN_IDENTITY = "iPhone Developer";
				COPY_PHASE_STRIP = NO;
				DEBUG_INFORMATION_FORMAT = dwarf;
				ENABLE_STRICT_OBJC_MSGSEND = YES;
				ENABLE_TESTABILITY = YES;
				GCC_C_LANGUAGE_STANDARD = gnu11;
				GCC_DYNAMIC_NO_PIC = NO;
				GCC_NO_COMMON_BLOCKS = YES;
				GCC_OPTIMIZATION_LEVEL = 0;
				GCC_PREPROCESSOR_DEFINITIONS = (
					"DEBUG=1",
					"$(inherited)",
				);
				GCC_WARN_64_TO_32_BIT_CONVERSION = YES;
				GCC_WARN_ABOUT_RETURN_TYPE = YES_ERROR;
				GCC_WARN_UNDECLARED_SELECTOR = YES;
				GCC_WARN_UNINITIALIZED_AUTOS = YES_AGGRESSIVE;
				GCC_WARN_UNUSED_FUNCTION = YES;
				GCC_WARN_UNUSED_VARIABLE = YES;
				IPHONEOS_DEPLOYMENT_TARGET = 11.4;
				MTL_ENABLE_DEBUG_INFO = YES;
				ONLY_ACTIVE_ARCH = YES;
				SDKROOT = iphoneos;
				SWIFT_ACTIVE_COMPILATION_CONDITIONS = DEBUG;
				SWIFT_OPTIMIZATION_LEVEL = "-Onone";
			};
			name = Debug;
		};
		50971B6D20CC866800E82184 /* Release */ = {
			isa = XCBuildConfiguration;
			buildSettings = {
				ALWAYS_SEARCH_USER_PATHS = NO;
				CLANG_ANALYZER_NONNULL = YES;
				CLANG_ANALYZER_NUMBER_OBJECT_CONVERSION = YES_AGGRESSIVE;
				CLANG_CXX_LANGUAGE_STANDARD = "gnu++14";
				CLANG_CXX_LIBRARY = "libc++";
				CLANG_ENABLE_MODULES = YES;
				CLANG_ENABLE_OBJC_ARC = YES;
				CLANG_ENABLE_OBJC_WEAK = YES;
				CLANG_WARN_BLOCK_CAPTURE_AUTORELEASING = YES;
				CLANG_WARN_BOOL_CONVERSION = YES;
				CLANG_WARN_COMMA = YES;
				CLANG_WARN_CONSTANT_CONVERSION = YES;
				CLANG_WARN_DEPRECATED_OBJC_IMPLEMENTATIONS = YES;
				CLANG_WARN_DIRECT_OBJC_ISA_USAGE = YES_ERROR;
				CLANG_WARN_DOCUMENTATION_COMMENTS = YES;
				CLANG_WARN_EMPTY_BODY = YES;
				CLANG_WARN_ENUM_CONVERSION = YES;
				CLANG_WARN_INFINITE_RECURSION = YES;
				CLANG_WARN_INT_CONVERSION = YES;
				CLANG_WARN_NON_LITERAL_NULL_CONVERSION = YES;
				CLANG_WARN_OBJC_IMPLICIT_RETAIN_SELF = YES;
				CLANG_WARN_OBJC_LITERAL_CONVERSION = YES;
				CLANG_WARN_OBJC_ROOT_CLASS = YES_ERROR;
				CLANG_WARN_RANGE_LOOP_ANALYSIS = YES;
				CLANG_WARN_STRICT_PROTOTYPES = YES;
				CLANG_WARN_SUSPICIOUS_MOVE = YES;
				CLANG_WARN_UNGUARDED_AVAILABILITY = YES_AGGRESSIVE;
				CLANG_WARN_UNREACHABLE_CODE = YES;
				CLANG_WARN__DUPLICATE_METHOD_MATCH = YES;
				CODE_SIGN_IDENTITY = "iPhone Developer";
				COPY_PHASE_STRIP = NO;
				DEBUG_INFORMATION_FORMAT = "dwarf-with-dsym";
				ENABLE_NS_ASSERTIONS = NO;
				ENABLE_STRICT_OBJC_MSGSEND = YES;
				GCC_C_LANGUAGE_STANDARD = gnu11;
				GCC_NO_COMMON_BLOCKS = YES;
				GCC_WARN_64_TO_32_BIT_CONVERSION = YES;
				GCC_WARN_ABOUT_RETURN_TYPE = YES_ERROR;
				GCC_WARN_UNDECLARED_SELECTOR = YES;
				GCC_WARN_UNINITIALIZED_AUTOS = YES_AGGRESSIVE;
				GCC_WARN_UNUSED_FUNCTION = YES;
				GCC_WARN_UNUSED_VARIABLE = YES;
				IPHONEOS_DEPLOYMENT_TARGET = 11.4;
				MTL_ENABLE_DEBUG_INFO = NO;
				SDKROOT = iphoneos;
				SWIFT_COMPILATION_MODE = wholemodule;
				SWIFT_OPTIMIZATION_LEVEL = "-O";
				VALIDATE_PRODUCT = YES;
			};
			name = Release;
		};
		50971B6F20CC866800E82184 /* Debug */ = {
			isa = XCBuildConfiguration;
			buildSettings = {
				ASSETCATALOG_COMPILER_APPICON_NAME = AppIcon;
				CODE_SIGN_STYLE = Automatic;
				DEVELOPMENT_TEAM = W94QK48X23;
				INFOPLIST_FILE = RedditTop/Info.plist;
				LD_RUNPATH_SEARCH_PATHS = (
					"$(inherited)",
					"@executable_path/Frameworks",
				);
				PRODUCT_BUNDLE_IDENTIFIER = com.yue.RedditTop;
				PRODUCT_NAME = "$(TARGET_NAME)";
				SWIFT_VERSION = 4.0;
				TARGETED_DEVICE_FAMILY = "1,2";
			};
			name = Debug;
		};
		50971B7020CC866800E82184 /* Release */ = {
			isa = XCBuildConfiguration;
			buildSettings = {
				ASSETCATALOG_COMPILER_APPICON_NAME = AppIcon;
				CODE_SIGN_STYLE = Automatic;
				DEVELOPMENT_TEAM = W94QK48X23;
				INFOPLIST_FILE = RedditTop/Info.plist;
				LD_RUNPATH_SEARCH_PATHS = (
					"$(inherited)",
					"@executable_path/Frameworks",
				);
				PRODUCT_BUNDLE_IDENTIFIER = com.yue.RedditTop;
				PRODUCT_NAME = "$(TARGET_NAME)";
				SWIFT_VERSION = 4.0;
				TARGETED_DEVICE_FAMILY = "1,2";
			};
			name = Release;
		};
/* End XCBuildConfiguration section */

/* Begin XCConfigurationList section */
		50971B5720CC866800E82184 /* Build configuration list for PBXProject "RedditTop" */ = {
			isa = XCConfigurationList;
			buildConfigurations = (
				50971B6C20CC866800E82184 /* Debug */,
				50971B6D20CC866800E82184 /* Release */,
			);
			defaultConfigurationIsVisible = 0;
			defaultConfigurationName = Release;
		};
		50971B6E20CC866800E82184 /* Build configuration list for PBXNativeTarget "RedditTop" */ = {
			isa = XCConfigurationList;
			buildConfigurations = (
				50971B6F20CC866800E82184 /* Debug */,
				50971B7020CC866800E82184 /* Release */,
			);
			defaultConfigurationIsVisible = 0;
			defaultConfigurationName = Release;
		};
/* End XCConfigurationList section */
	};
	rootObject = 50971B5420CC866800E82184 /* Project object */;
}
